// !$*UTF8*$!
{
	archiveVersion = 1;
	classes = {
	};
	objectVersion = 77;
	objects = {

/* Begin PBXBuildFile section */
		0A79D2E8E6E24F0EBA4F1001 /* Assets.xcassets in Resources */ = {isa = PBXBuildFile; fileRef = 0A79D2E8E6E24F0EBA4F2001 /* Assets.xcassets */; };
		0A79D2E8E6E24F0EBA4F1002 /* Assets.xcassets in Resources */ = {isa = PBXBuildFile; fileRef = 0A79D2E8E6E24F0EBA4F2002 /* Assets.xcassets */; };
		0549138E7B38003EE12D9FBF /* Theme.swift in Sources */ = {isa = PBXBuildFile; fileRef = E3769A75E037FA39D68BBDCA /* Theme.swift */; };
		24E3489C068A4BA1E357757D /* BaselineAnalyzer.swift in Sources */ = {isa = PBXBuildFile; fileRef = 0044DB75C021CE13B0DBD063 /* BaselineAnalyzer.swift */; };
		3B4D7C2905A0FA4F8520EE95 /* PrivacyInfo.xcprivacy in Resources */ = {isa = PBXBuildFile; fileRef = EF7E1FCA991BDCC07A230829 /* PrivacyInfo.xcprivacy */; };
		4AD1D7D6F07D8F36E352696D /* LoadGaugeCard.swift in Sources */ = {isa = PBXBuildFile; fileRef = BBF889EA4C97BFCCE389D7F3 /* LoadGaugeCard.swift */; };
		57C6284A79526DD8EB7000D2 /* Morrow Watch.app in Embed Watch Content */ = {isa = PBXBuildFile; fileRef = 7AD503FB96D5CB45DF11BB2E /* Morrow Watch.app */; settings = {ATTRIBUTES = (RemoveHeadersOnCopy, ); }; };
		5C1395AE720970E441831736 /* RecommendationCard.swift in Sources */ = {isa = PBXBuildFile; fileRef = 4F96642D61350FFB55E391AD /* RecommendationCard.swift */; };
		5C58067F82AF1B0B1701FDED /* Morrow Recovery.appex in Embed Foundation Extensions */ = {isa = PBXBuildFile; fileRef = 911F3761EC7B91ACF460CDC1 /* Morrow Recovery.appex */; settings = {ATTRIBUTES = (RemoveHeadersOnCopy, ); }; };
		6115662ACEAF0B8EB1E25DD9 /* MorrowWatchApp.swift in Sources */ = {isa = PBXBuildFile; fileRef = 6E5FF4D5C65D3BE882647900 /* MorrowWatchApp.swift */; };
		783EC286FAD4A52C0E853858 /* DashboardView.swift in Sources */ = {isa = PBXBuildFile; fileRef = F096349FA3AA64DEF7812BFA /* DashboardView.swift */; };
		81C1D3C8D229B7C757A12C3A /* RemoteNotificationDelegate.swift in Sources */ = {isa = PBXBuildFile; fileRef = F3C623679D15B7E7E3153FF0 /* RemoteNotificationDelegate.swift */; };
		90D899B89D41838EBCE2E004 /* WatchRemoteNotifications.swift in Sources */ = {isa = PBXBuildFile; fileRef = CCD0FEC6A4007DE30BEBB2CD /* WatchRemoteNotifications.swift */; };
		9DDBDCC6FE344F6C602606AF /* MorrowRecoveryWidget.swift in Sources */ = {isa = PBXBuildFile; fileRef = F0D7FE39DFB6DB9217CB6395 /* MorrowRecoveryWidget.swift */; };
		A13CFCDDFC4AFF1953D02F2F /* MorrowAPIClient.swift in Sources */ = {isa = PBXBuildFile; fileRef = C39683D4428C8797AB2F4770 /* MorrowAPIClient.swift */; };
		A1BAC5767F813890418727F9 /* WatchSessionReceiver.swift in Sources */ = {isa = PBXBuildFile; fileRef = 304D47841D6D196A13F80B1C /* WatchSessionReceiver.swift */; };
		B07ED8737E465390EB6CEF39 /* WellnessModels.swift in Sources */ = {isa = PBXBuildFile; fileRef = 133F16000C82A1603B765937 /* WellnessModels.swift */; };
		BE4A0C16EFB70CA3B23F742E /* PrivacyInfo.xcprivacy in Resources */ = {isa = PBXBuildFile; fileRef = 9BCD63975A9B3D8234A3061D /* PrivacyInfo.xcprivacy */; };
		C2696D9D4961C32F88C524F8 /* WatchCheckInView.swift in Sources */ = {isa = PBXBuildFile; fileRef = B95AC404195647AADBC7C51A /* WatchCheckInView.swift */; };
		C30A92458C1C15A40E495FD9 /* SettingsView.swift in Sources */ = {isa = PBXBuildFile; fileRef = C034081E6E3E5D7FBE957C41 /* SettingsView.swift */; };
		C3576E64E776785E92DC4F9A /* WatchSessionManager.swift in Sources */ = {isa = PBXBuildFile; fileRef = B8FE5F3A1732C52B16D64CDD /* WatchSessionManager.swift */; };
		CB29247E97158942AD871AC6 /* HealthStore.swift in Sources */ = {isa = PBXBuildFile; fileRef = E6ECB6749C7E14F9B7FA48DA /* HealthStore.swift */; };
		E8727D361315DDED3B633F42 /* MorrowApp.swift in Sources */ = {isa = PBXBuildFile; fileRef = 17C4BBF3577543FFD71284ED /* MorrowApp.swift */; };
		E8A48CA025FBFB78C31E550A /* RecoveryActionView.swift in Sources */ = {isa = PBXBuildFile; fileRef = B6E2170A636E25629AF99244 /* RecoveryActionView.swift */; };
		F624A3A742D22584794699DB /* CheckInView.swift in Sources */ = {isa = PBXBuildFile; fileRef = 316FE852067D9FF10ADDCB11 /* CheckInView.swift */; };
		F6BC29963A52269232D382E2 /* CheckInHistoryView.swift in Sources */ = {isa = PBXBuildFile; fileRef = 24523D1063098EB2802674AC /* CheckInHistoryView.swift */; };
		FABB2CCDF7B3203B0AB9ED66 /* MetricCard.swift in Sources */ = {isa = PBXBuildFile; fileRef = 5C656F79B7997D3B91696344 /* MetricCard.swift */; };
/* End PBXBuildFile section */

/* Begin PBXContainerItemProxy section */
		4411E16B1FCFC7FECC2238DE /* PBXContainerItemProxy */ = {
			isa = PBXContainerItemProxy;
			containerPortal = 756FB3F814EB341887BA7FCA /* Project object */;
			proxyType = 1;
			remoteGlobalIDString = 8044DBD97D6385DB3BA6DE7B;
			remoteInfo = MorrowWatchWidget;
		};
		F6A0E0F349DC1F4C95E9EE9E /* PBXContainerItemProxy */ = {
			isa = PBXContainerItemProxy;
			containerPortal = 756FB3F814EB341887BA7FCA /* Project object */;
			proxyType = 1;
			remoteGlobalIDString = 083A931CEF1240FD851FB03A;
			remoteInfo = MorrowWatch;
		};
/* End PBXContainerItemProxy section */

/* Begin PBXCopyFilesBuildPhase section */
		C349E716950E819DDB42C868 /* Embed Foundation Extensions */ = {
			isa = PBXCopyFilesBuildPhase;
			buildActionMask = 2147483647;
			dstPath = "";
			dstSubfolderSpec = 13;
			files = (
				5C58067F82AF1B0B1701FDED /* Morrow Recovery.appex in Embed Foundation Extensions */,
			);
			name = "Embed Foundation Extensions";
			runOnlyForDeploymentPostprocessing = 0;
		};
		FF02E2354D9A5D50C6496D9A /* Embed Watch Content */ = {
			isa = PBXCopyFilesBuildPhase;
			buildActionMask = 2147483647;
			dstPath = "$(CONTENTS_FOLDER_PATH)/Watch";
			dstSubfolderSpec = 16;
			files = (
				57C6284A79526DD8EB7000D2 /* Morrow Watch.app in Embed Watch Content */,
			);
			name = "Embed Watch Content";
			runOnlyForDeploymentPostprocessing = 0;
		};
/* End PBXCopyFilesBuildPhase section */

/* Begin PBXFileReference section */
		0A79D2E8E6E24F0EBA4F2001 /* Assets.xcassets */ = {isa = PBXFileReference; lastKnownFileType = folder.assetcatalog; path = Assets.xcassets; sourceTree = "<group>"; };
		0A79D2E8E6E24F0EBA4F2002 /* Assets.xcassets */ = {isa = PBXFileReference; lastKnownFileType = folder.assetcatalog; path = Assets.xcassets; sourceTree = "<group>"; };
		0044DB75C021CE13B0DBD063 /* BaselineAnalyzer.swift */ = {isa = PBXFileReference; lastKnownFileType = sourcecode.swift; path = BaselineAnalyzer.swift; sourceTree = "<group>"; };
		133F16000C82A1603B765937 /* WellnessModels.swift */ = {isa = PBXFileReference; lastKnownFileType = sourcecode.swift; path = WellnessModels.swift; sourceTree = "<group>"; };
		17C4BBF3577543FFD71284ED /* MorrowApp.swift */ = {isa = PBXFileReference; lastKnownFileType = sourcecode.swift; path = MorrowApp.swift; sourceTree = "<group>"; };
		24523D1063098EB2802674AC /* CheckInHistoryView.swift */ = {isa = PBXFileReference; lastKnownFileType = sourcecode.swift; path = CheckInHistoryView.swift; sourceTree = "<group>"; };
		304D47841D6D196A13F80B1C /* WatchSessionReceiver.swift */ = {isa = PBXFileReference; lastKnownFileType = sourcecode.swift; path = WatchSessionReceiver.swift; sourceTree = "<group>"; };
		316FE852067D9FF10ADDCB11 /* CheckInView.swift */ = {isa = PBXFileReference; lastKnownFileType = sourcecode.swift; path = CheckInView.swift; sourceTree = "<group>"; };
		4F96642D61350FFB55E391AD /* RecommendationCard.swift */ = {isa = PBXFileReference; lastKnownFileType = sourcecode.swift; path = RecommendationCard.swift; sourceTree = "<group>"; };
		5C656F79B7997D3B91696344 /* MetricCard.swift */ = {isa = PBXFileReference; lastKnownFileType = sourcecode.swift; path = MetricCard.swift; sourceTree = "<group>"; };
		6E5FF4D5C65D3BE882647900 /* MorrowWatchApp.swift */ = {isa = PBXFileReference; lastKnownFileType = sourcecode.swift; path = MorrowWatchApp.swift; sourceTree = "<group>"; };
		7AD503FB96D5CB45DF11BB2E /* Morrow Watch.app */ = {isa = PBXFileReference; explicitFileType = wrapper.application; includeInIndex = 0; path = "Morrow Watch.app"; sourceTree = BUILT_PRODUCTS_DIR; };
		911F3761EC7B91ACF460CDC1 /* Morrow Recovery.appex */ = {isa = PBXFileReference; explicitFileType = "wrapper.app-extension"; includeInIndex = 0; path = "Morrow Recovery.appex"; sourceTree = BUILT_PRODUCTS_DIR; };
		9BCD63975A9B3D8234A3061D /* PrivacyInfo.xcprivacy */ = {isa = PBXFileReference; path = PrivacyInfo.xcprivacy; sourceTree = "<group>"; };
		B6E2170A636E25629AF99244 /* RecoveryActionView.swift */ = {isa = PBXFileReference; lastKnownFileType = sourcecode.swift; path = RecoveryActionView.swift; sourceTree = "<group>"; };
		B8FE5F3A1732C52B16D64CDD /* WatchSessionManager.swift */ = {isa = PBXFileReference; lastKnownFileType = sourcecode.swift; path = WatchSessionManager.swift; sourceTree = "<group>"; };
		B95AC404195647AADBC7C51A /* WatchCheckInView.swift */ = {isa = PBXFileReference; lastKnownFileType = sourcecode.swift; path = WatchCheckInView.swift; sourceTree = "<group>"; };
		BBF889EA4C97BFCCE389D7F3 /* LoadGaugeCard.swift */ = {isa = PBXFileReference; lastKnownFileType = sourcecode.swift; path = LoadGaugeCard.swift; sourceTree = "<group>"; };
		C034081E6E3E5D7FBE957C41 /* SettingsView.swift */ = {isa = PBXFileReference; lastKnownFileType = sourcecode.swift; path = SettingsView.swift; sourceTree = "<group>"; };
		C39683D4428C8797AB2F4770 /* MorrowAPIClient.swift */ = {isa = PBXFileReference; lastKnownFileType = sourcecode.swift; path = MorrowAPIClient.swift; sourceTree = "<group>"; };
		CCD0FEC6A4007DE30BEBB2CD /* WatchRemoteNotifications.swift */ = {isa = PBXFileReference; lastKnownFileType = sourcecode.swift; path = WatchRemoteNotifications.swift; sourceTree = "<group>"; };
		E3769A75E037FA39D68BBDCA /* Theme.swift */ = {isa = PBXFileReference; lastKnownFileType = sourcecode.swift; path = Theme.swift; sourceTree = "<group>"; };
		E46946B51DD975DF8C2C7659 /* Morrow.app */ = {isa = PBXFileReference; includeInIndex = 0; lastKnownFileType = wrapper.application; path = Morrow.app; sourceTree = BUILT_PRODUCTS_DIR; };
		E6ECB6749C7E14F9B7FA48DA /* HealthStore.swift */ = {isa = PBXFileReference; lastKnownFileType = sourcecode.swift; path = HealthStore.swift; sourceTree = "<group>"; };
		EF7E1FCA991BDCC07A230829 /* PrivacyInfo.xcprivacy */ = {isa = PBXFileReference; path = PrivacyInfo.xcprivacy; sourceTree = "<group>"; };
		F096349FA3AA64DEF7812BFA /* DashboardView.swift */ = {isa = PBXFileReference; lastKnownFileType = sourcecode.swift; path = DashboardView.swift; sourceTree = "<group>"; };
		F0D7FE39DFB6DB9217CB6395 /* MorrowRecoveryWidget.swift */ = {isa = PBXFileReference; lastKnownFileType = sourcecode.swift; path = MorrowRecoveryWidget.swift; sourceTree = "<group>"; };
		F3C623679D15B7E7E3153FF0 /* RemoteNotificationDelegate.swift */ = {isa = PBXFileReference; lastKnownFileType = sourcecode.swift; path = RemoteNotificationDelegate.swift; sourceTree = "<group>"; };
/* End PBXFileReference section */

/* Begin PBXGroup section */
		01E0EAFED612BEF8769A73C9 /* DesignSystem */ = {
			isa = PBXGroup;
			children = (
				E3769A75E037FA39D68BBDCA /* Theme.swift */,
			);
			path = DesignSystem;
			sourceTree = "<group>";
		};
		031DF27DB866F4C1DA02692A /* watch-widget */ = {
			isa = PBXGroup;
			children = (
				47554E089E97156A6A440DA3 /* Sources */,
			);
			path = "watch-widget";
			sourceTree = "<group>";
		};
		0A639AC6BA6F30DBD4F35170 /* Models */ = {
			isa = PBXGroup;
			children = (
				133F16000C82A1603B765937 /* WellnessModels.swift */,
			);
			path = Models;
			sourceTree = "<group>";
		};
		2520F784E9266B10A8C5EFAC /* Sources */ = {
			isa = PBXGroup;
			children = (
				17C4BBF3577543FFD71284ED /* MorrowApp.swift */,
				01E0EAFED612BEF8769A73C9 /* DesignSystem */,
				0A639AC6BA6F30DBD4F35170 /* Models */,
				D0A3115BE9087684857D0DB9 /* Services */,
				78F3EE4C4BDF8006677D0BE7 /* Views */,
			);
			path = Sources;
			sourceTree = "<group>";
		};
		299993C71737CDFC89817C48 /* Sources */ = {
			isa = PBXGroup;
			children = (
				6E5FF4D5C65D3BE882647900 /* MorrowWatchApp.swift */,
				B95AC404195647AADBC7C51A /* WatchCheckInView.swift */,
				CCD0FEC6A4007DE30BEBB2CD /* WatchRemoteNotifications.swift */,
				B8FE5F3A1732C52B16D64CDD /* WatchSessionManager.swift */,
			);
			path = Sources;
			sourceTree = "<group>";
		};
		3E5D8075BCB6A5D19EE799F8 /* MorrowWatch */ = {
			isa = PBXGroup;
			children = (
				0A79D2E8E6E24F0EBA4F2002 /* Assets.xcassets */,
				B988E211B038A4A8A2CB973E /* Resources */,
			);
			path = MorrowWatch;
			sourceTree = "<group>";
		};
		47554E089E97156A6A440DA3 /* Sources */ = {
			isa = PBXGroup;
			children = (
				F0D7FE39DFB6DB9217CB6395 /* MorrowRecoveryWidget.swift */,
			);
			path = Sources;
			sourceTree = "<group>";
		};
		78F3EE4C4BDF8006677D0BE7 /* Views */ = {
			isa = PBXGroup;
			children = (
				24523D1063098EB2802674AC /* CheckInHistoryView.swift */,
				316FE852067D9FF10ADDCB11 /* CheckInView.swift */,
				F096349FA3AA64DEF7812BFA /* DashboardView.swift */,
				B6E2170A636E25629AF99244 /* RecoveryActionView.swift */,
				C034081E6E3E5D7FBE957C41 /* SettingsView.swift */,
				95C0C63330ABBE504BBF7FE7 /* Components */,
			);
			path = Views;
			sourceTree = "<group>";
		};
		9133B9D6CAC92D1683143475 /* morrow-frontend */ = {
			isa = PBXGroup;
			children = (
				C2D879FD4F52DE3BD5B67E6E /* ios */,
				C4C648E5B964000873A897E8 /* watch */,
				031DF27DB866F4C1DA02692A /* watch-widget */,
			);
			name = "morrow-frontend";
			path = ..;
			sourceTree = "<group>";
		};
		95C0C63330ABBE504BBF7FE7 /* Components */ = {
			isa = PBXGroup;
			children = (
				BBF889EA4C97BFCCE389D7F3 /* LoadGaugeCard.swift */,
				5C656F79B7997D3B91696344 /* MetricCard.swift */,
				4F96642D61350FFB55E391AD /* RecommendationCard.swift */,
			);
			path = Components;
			sourceTree = "<group>";
		};
		9C86598E7A2E4F3BDADB4903 /* Resources */ = {
			isa = PBXGroup;
			children = (
				9BCD63975A9B3D8234A3061D /* PrivacyInfo.xcprivacy */,
			);
			path = Resources;
			sourceTree = "<group>";
		};
		B988E211B038A4A8A2CB973E /* Resources */ = {
			isa = PBXGroup;
			children = (
				EF7E1FCA991BDCC07A230829 /* PrivacyInfo.xcprivacy */,
			);
			path = Resources;
			sourceTree = "<group>";
		};
		C2D879FD4F52DE3BD5B67E6E /* ios */ = {
			isa = PBXGroup;
			children = (
				2520F784E9266B10A8C5EFAC /* Sources */,
			);
			path = ios;
			sourceTree = "<group>";
		};
		C4C648E5B964000873A897E8 /* watch */ = {
			isa = PBXGroup;
			children = (
				299993C71737CDFC89817C48 /* Sources */,
			);
			path = watch;
			sourceTree = "<group>";
		};
		CB5F65B523B5B34611ECE7D0 /* Products */ = {
			isa = PBXGroup;
			children = (
				911F3761EC7B91ACF460CDC1 /* Morrow Recovery.appex */,
				7AD503FB96D5CB45DF11BB2E /* Morrow Watch.app */,
				E46946B51DD975DF8C2C7659 /* Morrow.app */,
			);
			name = Products;
			sourceTree = "<group>";
		};
		CE38820A507058B059D7CF07 /* Morrow */ = {
			isa = PBXGroup;
			children = (
				0A79D2E8E6E24F0EBA4F2001 /* Assets.xcassets */,
				9C86598E7A2E4F3BDADB4903 /* Resources */,
			);
			path = Morrow;
			sourceTree = "<group>";
		};
		D0A3115BE9087684857D0DB9 /* Services */ = {
			isa = PBXGroup;
			children = (
				0044DB75C021CE13B0DBD063 /* BaselineAnalyzer.swift */,
				E6ECB6749C7E14F9B7FA48DA /* HealthStore.swift */,
				C39683D4428C8797AB2F4770 /* MorrowAPIClient.swift */,
				F3C623679D15B7E7E3153FF0 /* RemoteNotificationDelegate.swift */,
				304D47841D6D196A13F80B1C /* WatchSessionReceiver.swift */,
			);
			path = Services;
			sourceTree = "<group>";
		};
		D150D7D9A970C07A2FF4CABC = {
			isa = PBXGroup;
			children = (
				CE38820A507058B059D7CF07 /* Morrow */,
				9133B9D6CAC92D1683143475 /* morrow-frontend */,
				3E5D8075BCB6A5D19EE799F8 /* MorrowWatch */,
				CB5F65B523B5B34611ECE7D0 /* Products */,
			);
			sourceTree = "<group>";
		};
/* End PBXGroup section */

/* Begin PBXNativeTarget section */
		083A931CEF1240FD851FB03A /* MorrowWatch */ = {
			isa = PBXNativeTarget;
			buildConfigurationList = B35AC10678336D3972839976 /* Build configuration list for PBXNativeTarget "MorrowWatch" */;
			buildPhases = (
				34C57F01146B1A143F3C3B63 /* Sources */,
				BED93E0E1BDA4F5CDCA2FEAB /* Resources */,
				C349E716950E819DDB42C868 /* Embed Foundation Extensions */,
			);
			buildRules = (
			);
			dependencies = (
				ABF7545EAA410E8966AFDE20 /* PBXTargetDependency */,
			);
			name = MorrowWatch;
			packageProductDependencies = (
			);
			productName = MorrowWatch;
			productReference = 7AD503FB96D5CB45DF11BB2E /* Morrow Watch.app */;
			productType = "com.apple.product-type.application";
		};
		76A4FAF56917169CBCFF9398 /* Morrow */ = {
			isa = PBXNativeTarget;
			buildConfigurationList = 7C4C707D2EF9A94A4F7B5AF2 /* Build configuration list for PBXNativeTarget "Morrow" */;
			buildPhases = (
				BB8FC3D05752B7AA48F634EC /* Sources */,
				2D0EEA0F1A37BE42D484A5D1 /* Resources */,
				FF02E2354D9A5D50C6496D9A /* Embed Watch Content */,
			);
			buildRules = (
			);
			dependencies = (
				370CF63EAFA8D6ECAEB10F6E /* PBXTargetDependency */,
			);
			name = Morrow;
			packageProductDependencies = (
			);
			productName = Morrow;
			productReference = E46946B51DD975DF8C2C7659 /* Morrow.app */;
			productType = "com.apple.product-type.application";
		};
		8044DBD97D6385DB3BA6DE7B /* MorrowWatchWidget */ = {
			isa = PBXNativeTarget;
			buildConfigurationList = A55298C7825EDF930467D415 /* Build configuration list for PBXNativeTarget "MorrowWatchWidget" */;
			buildPhases = (
				73A035F99B1144E9FE239268 /* Sources */,
			);
			buildRules = (
			);
			dependencies = (
			);
			name = MorrowWatchWidget;
			packageProductDependencies = (
			);
			productName = MorrowWatchWidget;
			productReference = 911F3761EC7B91ACF460CDC1 /* Morrow Recovery.appex */;
			productType = "com.apple.product-type.app-extension";
		};
/* End PBXNativeTarget section */

/* Begin PBXProject section */
		756FB3F814EB341887BA7FCA /* Project object */ = {
			isa = PBXProject;
			attributes = {
				BuildIndependentTargetsInParallel = YES;
				LastUpgradeCheck = 1430;
				TargetAttributes = {
					083A931CEF1240FD851FB03A = {
						DevelopmentTeam = 4UTM2VZ53U;
						ProvisioningStyle = Automatic;
					};
					76A4FAF56917169CBCFF9398 = {
						DevelopmentTeam = 4UTM2VZ53U;
						ProvisioningStyle = Automatic;
					};
					8044DBD97D6385DB3BA6DE7B = {
						DevelopmentTeam = 4UTM2VZ53U;
						ProvisioningStyle = Automatic;
					};
				};
			};
			buildConfigurationList = BBDD6D6528B07D5173209345 /* Build configuration list for PBXProject "Morrow" */;
			developmentRegion = en;
			hasScannedForEncodings = 0;
			knownRegions = (
				Base,
				en,
			);
			mainGroup = D150D7D9A970C07A2FF4CABC;
			minimizedProjectReferenceProxies = 1;
			preferredProjectObjectVersion = 77;
			productRefGroup = CB5F65B523B5B34611ECE7D0 /* Products */;
			projectDirPath = "";
			projectRoot = "";
			targets = (
				76A4FAF56917169CBCFF9398 /* Morrow */,
				083A931CEF1240FD851FB03A /* MorrowWatch */,
				8044DBD97D6385DB3BA6DE7B /* MorrowWatchWidget */,
			);
		};
/* End PBXProject section */

/* Begin PBXResourcesBuildPhase section */
		2D0EEA0F1A37BE42D484A5D1 /* Resources */ = {
			isa = PBXResourcesBuildPhase;
			buildActionMask = 2147483647;
			files = (
				0A79D2E8E6E24F0EBA4F1001 /* Assets.xcassets in Resources */,
				BE4A0C16EFB70CA3B23F742E /* PrivacyInfo.xcprivacy in Resources */,
			);
			runOnlyForDeploymentPostprocessing = 0;
		};
		BED93E0E1BDA4F5CDCA2FEAB /* Resources */ = {
			isa = PBXResourcesBuildPhase;
			buildActionMask = 2147483647;
			files = (
				0A79D2E8E6E24F0EBA4F1002 /* Assets.xcassets in Resources */,
				3B4D7C2905A0FA4F8520EE95 /* PrivacyInfo.xcprivacy in Resources */,
			);
			runOnlyForDeploymentPostprocessing = 0;
		};
/* End PBXResourcesBuildPhase section */

/* Begin PBXSourcesBuildPhase section */
		34C57F01146B1A143F3C3B63 /* Sources */ = {
			isa = PBXSourcesBuildPhase;
			buildActionMask = 2147483647;
			files = (
				6115662ACEAF0B8EB1E25DD9 /* MorrowWatchApp.swift in Sources */,
				C2696D9D4961C32F88C524F8 /* WatchCheckInView.swift in Sources */,
				90D899B89D41838EBCE2E004 /* WatchRemoteNotifications.swift in Sources */,
				C3576E64E776785E92DC4F9A /* WatchSessionManager.swift in Sources */,
			);
			runOnlyForDeploymentPostprocessing = 0;
		};
		73A035F99B1144E9FE239268 /* Sources */ = {
			isa = PBXSourcesBuildPhase;
			buildActionMask = 2147483647;
			files = (
				9DDBDCC6FE344F6C602606AF /* MorrowRecoveryWidget.swift in Sources */,
			);
			runOnlyForDeploymentPostprocessing = 0;
		};
		BB8FC3D05752B7AA48F634EC /* Sources */ = {
			isa = PBXSourcesBuildPhase;
			buildActionMask = 2147483647;
			files = (
				24E3489C068A4BA1E357757D /* BaselineAnalyzer.swift in Sources */,
				F6BC29963A52269232D382E2 /* CheckInHistoryView.swift in Sources */,
				F624A3A742D22584794699DB /* CheckInView.swift in Sources */,
				783EC286FAD4A52C0E853858 /* DashboardView.swift in Sources */,
				CB29247E97158942AD871AC6 /* HealthStore.swift in Sources */,
				4AD1D7D6F07D8F36E352696D /* LoadGaugeCard.swift in Sources */,
				FABB2CCDF7B3203B0AB9ED66 /* MetricCard.swift in Sources */,
				A13CFCDDFC4AFF1953D02F2F /* MorrowAPIClient.swift in Sources */,
				E8727D361315DDED3B633F42 /* MorrowApp.swift in Sources */,
				5C1395AE720970E441831736 /* RecommendationCard.swift in Sources */,
				E8A48CA025FBFB78C31E550A /* RecoveryActionView.swift in Sources */,
				81C1D3C8D229B7C757A12C3A /* RemoteNotificationDelegate.swift in Sources */,
				C30A92458C1C15A40E495FD9 /* SettingsView.swift in Sources */,
				0549138E7B38003EE12D9FBF /* Theme.swift in Sources */,
				A1BAC5767F813890418727F9 /* WatchSessionReceiver.swift in Sources */,
				B07ED8737E465390EB6CEF39 /* WellnessModels.swift in Sources */,
			);
			runOnlyForDeploymentPostprocessing = 0;
		};
/* End PBXSourcesBuildPhase section */

/* Begin PBXTargetDependency section */
		370CF63EAFA8D6ECAEB10F6E /* PBXTargetDependency */ = {
			isa = PBXTargetDependency;
			target = 083A931CEF1240FD851FB03A /* MorrowWatch */;
			targetProxy = F6A0E0F349DC1F4C95E9EE9E /* PBXContainerItemProxy */;
		};
		ABF7545EAA410E8966AFDE20 /* PBXTargetDependency */ = {
			isa = PBXTargetDependency;
			target = 8044DBD97D6385DB3BA6DE7B /* MorrowWatchWidget */;
			targetProxy = 4411E16B1FCFC7FECC2238DE /* PBXContainerItemProxy */;
		};
/* End PBXTargetDependency section */

/* Begin XCBuildConfiguration section */
		1980ACA48BFE06EBCC4A1D1A /* Debug */ = {
			isa = XCBuildConfiguration;
			buildSettings = {
				ASSETCATALOG_COMPILER_APPICON_NAME = AppIcon;
				ASSETCATALOG_COMPILER_GLOBAL_ACCENT_COLOR_NAME = AccentColor;
				CODE_SIGN_ENTITLEMENTS = Morrow/Morrow.entitlements;
				CODE_SIGN_IDENTITY = "iPhone Developer";
				INFOPLIST_FILE = Morrow/Info.plist;
				LD_RUNPATH_SEARCH_PATHS = (
					"$(inherited)",
					"@executable_path/Frameworks",
				);
				PRODUCT_BUNDLE_IDENTIFIER = com.qlsl1198.morrowwellness;
				PRODUCT_NAME = Morrow;
				SDKROOT = iphoneos;
				SUPPORTS_MACCATALYST = NO;
				TARGETED_DEVICE_FAMILY = 1;
			};
			name = Debug;
		};
		2DB963D51EDECC719062C958 /* Release */ = {
			isa = XCBuildConfiguration;
			buildSettings = {
				ALWAYS_SEARCH_USER_PATHS = NO;
				CLANG_ANALYZER_NONNULL = YES;
				CLANG_ANALYZER_NUMBER_OBJECT_CONVERSION = YES_AGGRESSIVE;
				CLANG_CXX_LANGUAGE_STANDARD = "gnu++14";
				CLANG_CXX_LIBRARY = "libc++";
				CLANG_ENABLE_MODULES = YES;
				CLANG_ENABLE_OBJC_ARC = YES;
				CLANG_ENABLE_OBJC_WEAK = YES;
				CLANG_WARN_BLOCK_CAPTURE_AUTORELEASING = YES;
				CLANG_WARN_BOOL_CONVERSION = YES;
				CLANG_WARN_COMMA = YES;
				CLANG_WARN_CONSTANT_CONVERSION = YES;
				CLANG_WARN_DEPRECATED_OBJC_IMPLEMENTATIONS = YES;
				CLANG_WARN_DIRECT_OBJC_ISA_USAGE = YES_ERROR;
				CLANG_WARN_DOCUMENTATION_COMMENTS = YES;
				CLANG_WARN_EMPTY_BODY = YES;
				CLANG_WARN_ENUM_CONVERSION = YES;
				CLANG_WARN_INFINITE_RECURSION = YES;
				CLANG_WARN_INT_CONVERSION = YES;
				CLANG_WARN_NON_LITERAL_NULL_CONVERSION = YES;
				CLANG_WARN_OBJC_IMPLICIT_RETAIN_SELF = YES;
				CLANG_WARN_OBJC_LITERAL_CONVERSION = YES;
				CLANG_WARN_OBJC_ROOT_CLASS = YES_ERROR;
				CLANG_WARN_QUOTED_INCLUDE_IN_FRAMEWORK_HEADER = YES;
				CLANG_WARN_RANGE_LOOP_ANALYSIS = YES;
				CLANG_WARN_STRICT_PROTOTYPES = YES;
				CLANG_WARN_SUSPICIOUS_MOVE = YES;
				CLANG_WARN_UNGUARDED_AVAILABILITY = YES_AGGRESSIVE;
				CLANG_WARN_UNREACHABLE_CODE = YES;
				CLANG_WARN__DUPLICATE_METHOD_MATCH = YES;
				CODE_SIGN_STYLE = Automatic;
				COPY_PHASE_STRIP = NO;
				CURRENT_PROJECT_VERSION = 5;
				DEBUG_INFORMATION_FORMAT = "dwarf-with-dsym";
				DEVELOPMENT_TEAM = 4UTM2VZ53U;
				ENABLE_NS_ASSERTIONS = NO;
				ENABLE_STRICT_OBJC_MSGSEND = YES;
				GCC_C_LANGUAGE_STANDARD = gnu11;
				GCC_NO_COMMON_BLOCKS = YES;
				GCC_WARN_64_TO_32_BIT_CONVERSION = YES;
				GCC_WARN_ABOUT_RETURN_TYPE = YES_ERROR;
				GCC_WARN_UNDECLARED_SELECTOR = YES;
				GCC_WARN_UNINITIALIZED_AUTOS = YES_AGGRESSIVE;
				GCC_WARN_UNUSED_FUNCTION = YES;
				GCC_WARN_UNUSED_VARIABLE = YES;
				IPHONEOS_DEPLOYMENT_TARGET = 17.0;
				MARKETING_VERSION = 1.0.0;
				MTL_ENABLE_DEBUG_INFO = NO;
				MTL_FAST_MATH = YES;
				PRODUCT_NAME = "$(TARGET_NAME)";
				SWIFT_COMPILATION_MODE = wholemodule;
				SWIFT_OPTIMIZATION_LEVEL = "-O";
				SWIFT_VERSION = 5.0;
				WATCHOS_DEPLOYMENT_TARGET = 10.0;
			};
			name = Release;
		};
		40708B5983D40FA115F29627 /* Release */ = {
			isa = XCBuildConfiguration;
			buildSettings = {
				ASSETCATALOG_COMPILER_APPICON_NAME = AppIcon;
				CODE_SIGN_ENTITLEMENTS = MorrowWatch/MorrowWatch.entitlements;
				INFOPLIST_FILE = MorrowWatch/Info.plist;
				PRODUCT_BUNDLE_IDENTIFIER = com.qlsl1198.morrowwellness.watchkitapp;
				PRODUCT_NAME = "Morrow Watch";
				SDKROOT = watchos;
				SKIP_INSTALL = YES;
				TARGETED_DEVICE_FAMILY = 4;
			};
			name = Release;
		};
		46B71354CFFA5582727B13C0 /* Release */ = {
			isa = XCBuildConfiguration;
			buildSettings = {
				ASSETCATALOG_COMPILER_APPICON_NAME = AppIcon;
				ASSETCATALOG_COMPILER_GLOBAL_ACCENT_COLOR_NAME = AccentColor;
				CODE_SIGN_ENTITLEMENTS = Morrow/Morrow.entitlements;
				CODE_SIGN_IDENTITY = "iPhone Developer";
				INFOPLIST_FILE = Morrow/Info.plist;
				LD_RUNPATH_SEARCH_PATHS = (
					"$(inherited)",
					"@executable_path/Frameworks",
				);
				PRODUCT_BUNDLE_IDENTIFIER = com.qlsl1198.morrowwellness;
				PRODUCT_NAME = Morrow;
				SDKROOT = iphoneos;
				SUPPORTS_MACCATALYST = NO;
				TARGETED_DEVICE_FAMILY = 1;
			};
			name = Release;
		};
		7AF148952FB417AB7193BC2E /* Debug */ = {
			isa = XCBuildConfiguration;
			buildSettings = {
				ALWAYS_SEARCH_USER_PATHS = NO;
				CLANG_ANALYZER_NONNULL = YES;
				CLANG_ANALYZER_NUMBER_OBJECT_CONVERSION = YES_AGGRESSIVE;
				CLANG_CXX_LANGUAGE_STANDARD = "gnu++14";
				CLANG_CXX_LIBRARY = "libc++";
				CLANG_ENABLE_MODULES = YES;
				CLANG_ENABLE_OBJC_ARC = YES;
				CLANG_ENABLE_OBJC_WEAK = YES;
				CLANG_WARN_BLOCK_CAPTURE_AUTORELEASING = YES;
				CLANG_WARN_BOOL_CONVERSION = YES;
				CLANG_WARN_COMMA = YES;
				CLANG_WARN_CONSTANT_CONVERSION = YES;
				CLANG_WARN_DEPRECATED_OBJC_IMPLEMENTATIONS = YES;
				CLANG_WARN_DIRECT_OBJC_ISA_USAGE = YES_ERROR;
				CLANG_WARN_DOCUMENTATION_COMMENTS = YES;
				CLANG_WARN_EMPTY_BODY = YES;
				CLANG_WARN_ENUM_CONVERSION = YES;
				CLANG_WARN_INFINITE_RECURSION = YES;
				CLANG_WARN_INT_CONVERSION = YES;
				CLANG_WARN_NON_LITERAL_NULL_CONVERSION = YES;
				CLANG_WARN_OBJC_IMPLICIT_RETAIN_SELF = YES;
				CLANG_WARN_OBJC_LITERAL_CONVERSION = YES;
				CLANG_WARN_OBJC_ROOT_CLASS = YES_ERROR;
				CLANG_WARN_QUOTED_INCLUDE_IN_FRAMEWORK_HEADER = YES;
				CLANG_WARN_RANGE_LOOP_ANALYSIS = YES;
				CLANG_WARN_STRICT_PROTOTYPES = YES;
				CLANG_WARN_SUSPICIOUS_MOVE = YES;
				CLANG_WARN_UNGUARDED_AVAILABILITY = YES_AGGRESSIVE;
				CLANG_WARN_UNREACHABLE_CODE = YES;
				CLANG_WARN__DUPLICATE_METHOD_MATCH = YES;
				CODE_SIGN_STYLE = Automatic;
				COPY_PHASE_STRIP = NO;
				CURRENT_PROJECT_VERSION = 5;
				DEBUG_INFORMATION_FORMAT = dwarf;
				DEVELOPMENT_TEAM = 4UTM2VZ53U;
				ENABLE_STRICT_OBJC_MSGSEND = YES;
				ENABLE_TESTABILITY = YES;
				GCC_C_LANGUAGE_STANDARD = gnu11;
				GCC_DYNAMIC_NO_PIC = NO;
				GCC_NO_COMMON_BLOCKS = YES;
				GCC_OPTIMIZATION_LEVEL = 0;
				GCC_PREPROCESSOR_DEFINITIONS = (
					"$(inherited)",
					"DEBUG=1",
				);
				GCC_WARN_64_TO_32_BIT_CONVERSION = YES;
				GCC_WARN_ABOUT_RETURN_TYPE = YES_ERROR;
				GCC_WARN_UNDECLARED_SELECTOR = YES;
				GCC_WARN_UNINITIALIZED_AUTOS = YES_AGGRESSIVE;
				GCC_WARN_UNUSED_FUNCTION = YES;
				GCC_WARN_UNUSED_VARIABLE = YES;
				IPHONEOS_DEPLOYMENT_TARGET = 17.0;
				MARKETING_VERSION = 1.0.0;
				MTL_ENABLE_DEBUG_INFO = INCLUDE_SOURCE;
				MTL_FAST_MATH = YES;
				ONLY_ACTIVE_ARCH = YES;
				PRODUCT_NAME = "$(TARGET_NAME)";
				SWIFT_ACTIVE_COMPILATION_CONDITIONS = DEBUG;
				SWIFT_OPTIMIZATION_LEVEL = "-Onone";
				SWIFT_VERSION = 5.0;
				WATCHOS_DEPLOYMENT_TARGET = 10.0;
			};
			name = Debug;
		};
		8D1FD4C5E51953A2CC5E27B2 /* Release */ = {
			isa = XCBuildConfiguration;
			buildSettings = {
				APPLICATION_EXTENSION_API_ONLY = YES;
				INFOPLIST_FILE = MorrowWatchWidget/Info.plist;
				LD_RUNPATH_SEARCH_PATHS = (
					"$(inherited)",
					"@executable_path/Frameworks",
					"@executable_path/../../Frameworks",
				);
				PRODUCT_BUNDLE_IDENTIFIER = com.qlsl1198.morrowwellness.watchkitapp.widget;
				PRODUCT_NAME = "Morrow Recovery";
				SDKROOT = watchos;
				SKIP_INSTALL = YES;
				TARGETED_DEVICE_FAMILY = 4;
			};
			name = Release;
		};
		D0D142EE636181B5562E4BE5 /* Debug */ = {
			isa = XCBuildConfiguration;
			buildSettings = {
				ASSETCATALOG_COMPILER_APPICON_NAME = AppIcon;
				CODE_SIGN_ENTITLEMENTS = MorrowWatch/MorrowWatch.entitlements;
				INFOPLIST_FILE = MorrowWatch/Info.plist;
				PRODUCT_BUNDLE_IDENTIFIER = com.qlsl1198.morrowwellness.watchkitapp;
				PRODUCT_NAME = "Morrow Watch";
				SDKROOT = watchos;
				SKIP_INSTALL = YES;
				TARGETED_DEVICE_FAMILY = 4;
			};
			name = Debug;
		};
		E543EE96E77FCD282CA73F7D /* Debug */ = {
			isa = XCBuildConfiguration;
			buildSettings = {
				APPLICATION_EXTENSION_API_ONLY = YES;
				INFOPLIST_FILE = MorrowWatchWidget/Info.plist;
				LD_RUNPATH_SEARCH_PATHS = (
					"$(inherited)",
					"@executable_path/Frameworks",
					"@executable_path/../../Frameworks",
				);
				PRODUCT_BUNDLE_IDENTIFIER = com.qlsl1198.morrowwellness.watchkitapp.widget;
				PRODUCT_NAME = "Morrow Recovery";
				SDKROOT = watchos;
				SKIP_INSTALL = YES;
				TARGETED_DEVICE_FAMILY = 4;
			};
			name = Debug;
		};
/* End XCBuildConfiguration section */

/* Begin XCConfigurationList section */
		7C4C707D2EF9A94A4F7B5AF2 /* Build configuration list for PBXNativeTarget "Morrow" */ = {
			isa = XCConfigurationList;
			buildConfigurations = (
				1980ACA48BFE06EBCC4A1D1A /* Debug */,
				46B71354CFFA5582727B13C0 /* Release */,
			);
			defaultConfigurationIsVisible = 0;
			defaultConfigurationName = Debug;
		};
		A55298C7825EDF930467D415 /* Build configuration list for PBXNativeTarget "MorrowWatchWidget" */ = {
			isa = XCConfigurationList;
			buildConfigurations = (
				E543EE96E77FCD282CA73F7D /* Debug */,
				8D1FD4C5E51953A2CC5E27B2 /* Release */,
			);
			defaultConfigurationIsVisible = 0;
			defaultConfigurationName = Debug;
		};
		B35AC10678336D3972839976 /* Build configuration list for PBXNativeTarget "MorrowWatch" */ = {
			isa = XCConfigurationList;
			buildConfigurations = (
				D0D142EE636181B5562E4BE5 /* Debug */,
				40708B5983D40FA115F29627 /* Release */,
			);
			defaultConfigurationIsVisible = 0;
			defaultConfigurationName = Debug;
		};
		BBDD6D6528B07D5173209345 /* Build configuration list for PBXProject "Morrow" */ = {
			isa = XCConfigurationList;
			buildConfigurations = (
				7AF148952FB417AB7193BC2E /* Debug */,
				2DB963D51EDECC719062C958 /* Release */,
			);
			defaultConfigurationIsVisible = 0;
			defaultConfigurationName = Debug;
		};
/* End XCConfigurationList section */
	};
	rootObject = 756FB3F814EB341887BA7FCA /* Project object */;
}
